{
  "name": "ssl",
  "version": "1.0.0",
  "lockfileVersion": 1,
  "requires": true,
  "dependencies": {
    "parse-domain": {
      "version": "2.0.0",
      "resolved": "https://registry.npmjs.org/parse-domain/-/parse-domain-2.0.0.tgz",
      "integrity": "sha512-09LkZIoBmYFj5Ty0oO1cjevbc42/knoiWURPUgKjJHlnK+75KDaF8+DNyEM5IYozO4Ssh6mNVOhrAKRWrwZbqQ=="
    }
  }
}
